
Microsoft Visual Studio Solution File, Format Version 12.00
# Visual Studio Version 17
VisualStudioVersion = 17.8.34330.188
MinimumVisualStudioVersion = 10.0.40219.1
Project("{9A19103F-16F7-4668-BE54-9A1E7A4F7556}") = "smartcache.API", "smartcache.API\smartcache.API.csproj", "{F70DC16F-4B1A-46F5-AAA3-78F05D046E59}"
EndProject
Project("{9A19103F-16F7-4668-BE54-9A1E7A4F7556}") = "traditional.API", "traditional.API\traditional.API.csproj", "{77693990-BCF5-4DF3-91C2-596EC066377F}"
EndProject
Project("{FAE04EC0-301F-11D3-BF4B-00C04F79EFBC}") = "smartcache.TESTING", "smartcache.TESTING\smartcache.TESTING.csproj", "{9D2F340D-FAED-4354-8600-B22ADDFAC6AE}"
EndProject
Global
	GlobalSection(SolutionConfigurationPlatforms) = preSolution
		Debug|Any CPU = Debug|Any CPU
		Release|Any CPU = Release|Any CPU
	EndGlobalSection
	GlobalSection(ProjectConfigurationPlatforms) = postSolution
		{F70DC16F-4B1A-46F5-AAA3-78F05D046E59}.Debug|Any CPU.ActiveCfg = Debug|Any CPU
		{F70DC16F-4B1A-46F5-AAA3-78F05D046E59}.Debug|Any CPU.Build.0 = Debug|Any CPU
		{F70DC16F-4B1A-46F5-AAA3-78F05D046E59}.Release|Any CPU.ActiveCfg = Release|Any CPU
		{F70DC16F-4B1A-46F5-AAA3-78F05D046E59}.Release|Any CPU.Build.0 = Release|Any CPU
		{77693990-BCF5-4DF3-91C2-596EC066377F}.Debug|Any CPU.ActiveCfg = Debug|Any CPU
		{77693990-BCF5-4DF3-91C2-596EC066377F}.Debug|Any CPU.Build.0 = Debug|Any CPU
		{77693990-BCF5-4DF3-91C2-596EC066377F}.Release|Any CPU.ActiveCfg = Release|Any CPU
		{77693990-BCF5-4DF3-91C2-596EC066377F}.Release|Any CPU.Build.0 = Release|Any CPU
		{9D2F340D-FAED-4354-8600-B22ADDFAC6AE}.Debug|Any CPU.ActiveCfg = Debug|Any CPU
		{9D2F340D-FAED-4354-8600-B22ADDFAC6AE}.Debug|Any CPU.Build.0 = Debug|Any CPU
		{9D2F340D-FAED-4354-8600-B22ADDFAC6AE}.Release|Any CPU.ActiveCfg = Release|Any CPU
		{9D2F340D-FAED-4354-8600-B22ADDFAC6AE}.Release|Any CPU.Build.0 = Release|Any CPU
	EndGlobalSection
	GlobalSection(SolutionProperties) = preSolution
		HideSolutionNode = FALSE
	EndGlobalSection
	GlobalSection(ExtensibilityGlobals) = postSolution
		SolutionGuid = {DCBCC653-8C5C-446B-B778-E79B1A679077}
	EndGlobalSection
EndGlobal
